
Microsoft Visual Studio Solution File, Format Version 12.00
# Visual Studio 15
VisualStudioVersion = 15.0.26124.0
MinimumVisualStudioVersion = 15.0.26124.0
Project("{FAE04EC0-301F-11D3-BF4B-00C04F79EFBC}") = "Domain", "Domain\Domain.csproj", "{C3655706-4DAA-4AAE-A440-0BE7A465F749}"
EndProject
Project("{FAE04EC0-301F-11D3-BF4B-00C04F79EFBC}") = "DAL", "DAL\DAL.csproj", "{F20674B1-9152-4184-85A8-15283A688F00}"
EndProject
Project("{FAE04EC0-301F-11D3-BF4B-00C04F79EFBC}") = "Infrastructure", "Infrastructure\Infrastructure.csproj", "{A668933A-06AE-4AC8-A1AA-ADD0BD7E6DBA}"
EndProject
Project("{FAE04EC0-301F-11D3-BF4B-00C04F79EFBC}") = "API", "API\API.csproj", "{ED83CB9F-D2EC-488E-9A76-EEAD95B18D83}"
EndProject
Project("{FAE04EC0-301F-11D3-BF4B-00C04F79EFBC}") = "BLL", "BLL\BLL.csproj", "{E7DAAC00-607A-4C2F-9AA0-C27BABB3C0DD}"
EndProject
Global
	GlobalSection(SolutionConfigurationPlatforms) = preSolution
		Debug|Any CPU = Debug|Any CPU
		Debug|x64 = Debug|x64
		Debug|x86 = Debug|x86
		Release|Any CPU = Release|Any CPU
		Release|x64 = Release|x64
		Release|x86 = Release|x86
	EndGlobalSection
	GlobalSection(SolutionProperties) = preSolution
		HideSolutionNode = FALSE
	EndGlobalSection
	GlobalSection(ProjectConfigurationPlatforms) = postSolution
		{C3655706-4DAA-4AAE-A440-0BE7A465F749}.Debug|Any CPU.ActiveCfg = Debug|Any CPU
		{C3655706-4DAA-4AAE-A440-0BE7A465F749}.Debug|Any CPU.Build.0 = Debug|Any CPU
		{C3655706-4DAA-4AAE-A440-0BE7A465F749}.Debug|x64.ActiveCfg = Debug|Any CPU
		{C3655706-4DAA-4AAE-A440-0BE7A465F749}.Debug|x64.Build.0 = Debug|Any CPU
		{C3655706-4DAA-4AAE-A440-0BE7A465F749}.Debug|x86.ActiveCfg = Debug|Any CPU
		{C3655706-4DAA-4AAE-A440-0BE7A465F749}.Debug|x86.Build.0 = Debug|Any CPU
		{C3655706-4DAA-4AAE-A440-0BE7A465F749}.Release|Any CPU.ActiveCfg = Release|Any CPU
		{C3655706-4DAA-4AAE-A440-0BE7A465F749}.Release|Any CPU.Build.0 = Release|Any CPU
		{C3655706-4DAA-4AAE-A440-0BE7A465F749}.Release|x64.ActiveCfg = Release|Any CPU
		{C3655706-4DAA-4AAE-A440-0BE7A465F749}.Release|x64.Build.0 = Release|Any CPU
		{C3655706-4DAA-4AAE-A440-0BE7A465F749}.Release|x86.ActiveCfg = Release|Any CPU
		{C3655706-4DAA-4AAE-A440-0BE7A465F749}.Release|x86.Build.0 = Release|Any CPU
		{F20674B1-9152-4184-85A8-15283A688F00}.Debug|Any CPU.ActiveCfg = Debug|Any CPU
		{F20674B1-9152-4184-85A8-15283A688F00}.Debug|Any CPU.Build.0 = Debug|Any CPU
		{F20674B1-9152-4184-85A8-15283A688F00}.Debug|x64.ActiveCfg = Debug|Any CPU
		{F20674B1-9152-4184-85A8-15283A688F00}.Debug|x64.Build.0 = Debug|Any CPU
		{F20674B1-9152-4184-85A8-15283A688F00}.Debug|x86.ActiveCfg = Debug|Any CPU
		{F20674B1-9152-4184-85A8-15283A688F00}.Debug|x86.Build.0 = Debug|Any CPU
		{F20674B1-9152-4184-85A8-15283A688F00}.Release|Any CPU.ActiveCfg = Release|Any CPU
		{F20674B1-9152-4184-85A8-15283A688F00}.Release|Any CPU.Build.0 = Release|Any CPU
		{F20674B1-9152-4184-85A8-15283A688F00}.Release|x64.ActiveCfg = Release|Any CPU
		{F20674B1-9152-4184-85A8-15283A688F00}.Release|x64.Build.0 = Release|Any CPU
		{F20674B1-9152-4184-85A8-15283A688F00}.Release|x86.ActiveCfg = Release|Any CPU
		{F20674B1-9152-4184-85A8-15283A688F00}.Release|x86.Build.0 = Release|Any CPU
		{A668933A-06AE-4AC8-A1AA-ADD0BD7E6DBA}.Debug|Any CPU.ActiveCfg = Debug|Any CPU
		{A668933A-06AE-4AC8-A1AA-ADD0BD7E6DBA}.Debug|Any CPU.Build.0 = Debug|Any CPU
		{A668933A-06AE-4AC8-A1AA-ADD0BD7E6DBA}.Debug|x64.ActiveCfg = Debug|Any CPU
		{A668933A-06AE-4AC8-A1AA-ADD0BD7E6DBA}.Debug|x64.Build.0 = Debug|Any CPU
		{A668933A-06AE-4AC8-A1AA-ADD0BD7E6DBA}.Debug|x86.ActiveCfg = Debug|Any CPU
		{A668933A-06AE-4AC8-A1AA-ADD0BD7E6DBA}.Debug|x86.Build.0 = Debug|Any CPU
		{A668933A-06AE-4AC8-A1AA-ADD0BD7E6DBA}.Release|Any CPU.ActiveCfg = Release|Any CPU
		{A668933A-06AE-4AC8-A1AA-ADD0BD7E6DBA}.Release|Any CPU.Build.0 = Release|Any CPU
		{A668933A-06AE-4AC8-A1AA-ADD0BD7E6DBA}.Release|x64.ActiveCfg = Release|Any CPU
		{A668933A-06AE-4AC8-A1AA-ADD0BD7E6DBA}.Release|x64.Build.0 = Release|Any CPU
		{A668933A-06AE-4AC8-A1AA-ADD0BD7E6DBA}.Release|x86.ActiveCfg = Release|Any CPU
		{A668933A-06AE-4AC8-A1AA-ADD0BD7E6DBA}.Release|x86.Build.0 = Release|Any CPU
		{ED83CB9F-D2EC-488E-9A76-EEAD95B18D83}.Debug|Any CPU.ActiveCfg = Debug|Any CPU
		{ED83CB9F-D2EC-488E-9A76-EEAD95B18D83}.Debug|Any CPU.Build.0 = Debug|Any CPU
		{ED83CB9F-D2EC-488E-9A76-EEAD95B18D83}.Debug|x64.ActiveCfg = Debug|Any CPU
		{ED83CB9F-D2EC-488E-9A76-EEAD95B18D83}.Debug|x64.Build.0 = Debug|Any CPU
		{ED83CB9F-D2EC-488E-9A76-EEAD95B18D83}.Debug|x86.ActiveCfg = Debug|Any CPU
		{ED83CB9F-D2EC-488E-9A76-EEAD95B18D83}.Debug|x86.Build.0 = Debug|Any CPU
		{ED83CB9F-D2EC-488E-9A76-EEAD95B18D83}.Release|Any CPU.ActiveCfg = Release|Any CPU
		{ED83CB9F-D2EC-488E-9A76-EEAD95B18D83}.Release|Any CPU.Build.0 = Release|Any CPU
		{ED83CB9F-D2EC-488E-9A76-EEAD95B18D83}.Release|x64.ActiveCfg = Release|Any CPU
		{ED83CB9F-D2EC-488E-9A76-EEAD95B18D83}.Release|x64.Build.0 = Release|Any CPU
		{ED83CB9F-D2EC-488E-9A76-EEAD95B18D83}.Release|x86.ActiveCfg = Release|Any CPU
		{ED83CB9F-D2EC-488E-9A76-EEAD95B18D83}.Release|x86.Build.0 = Release|Any CPU
		{E7DAAC00-607A-4C2F-9AA0-C27BABB3C0DD}.Debug|Any CPU.ActiveCfg = Debug|Any CPU
		{E7DAAC00-607A-4C2F-9AA0-C27BABB3C0DD}.Debug|Any CPU.Build.0 = Debug|Any CPU
		{E7DAAC00-607A-4C2F-9AA0-C27BABB3C0DD}.Debug|x64.ActiveCfg = Debug|Any CPU
		{E7DAAC00-607A-4C2F-9AA0-C27BABB3C0DD}.Debug|x64.Build.0 = Debug|Any CPU
		{E7DAAC00-607A-4C2F-9AA0-C27BABB3C0DD}.Debug|x86.ActiveCfg = Debug|Any CPU
		{E7DAAC00-607A-4C2F-9AA0-C27BABB3C0DD}.Debug|x86.Build.0 = Debug|Any CPU
		{E7DAAC00-607A-4C2F-9AA0-C27BABB3C0DD}.Release|Any CPU.ActiveCfg = Release|Any CPU
		{E7DAAC00-607A-4C2F-9AA0-C27BABB3C0DD}.Release|Any CPU.Build.0 = Release|Any CPU
		{E7DAAC00-607A-4C2F-9AA0-C27BABB3C0DD}.Release|x64.ActiveCfg = Release|Any CPU
		{E7DAAC00-607A-4C2F-9AA0-C27BABB3C0DD}.Release|x64.Build.0 = Release|Any CPU
		{E7DAAC00-607A-4C2F-9AA0-C27BABB3C0DD}.Release|x86.ActiveCfg = Release|Any CPU
		{E7DAAC00-607A-4C2F-9AA0-C27BABB3C0DD}.Release|x86.Build.0 = Release|Any CPU
	EndGlobalSection
EndGlobal
